
Microsoft Visual Studio Solution File, Format Version 12.00
# Visual Studio Version 17
VisualStudioVersion = 17.7.34031.279
MinimumVisualStudioVersion = 10.0.40219.1
Project("{FAE04EC0-301F-11D3-BF4B-00C04F79EFBC}") = "TSFramework.Libs", "TSFramework.Libs\TSFramework.Libs.csproj", "{C7BB973B-8277-4950-BFFD-C0BE12847D49}"
EndProject
Project("{FAE04EC0-301F-11D3-BF4B-00C04F79EFBC}") = "Plugable.SQLProcedureAuthority", "Plugable.SQLProcedureAuthority\Plugable.SQLProcedureAuthority.csproj", "{41DBC699-37D9-4182-BFF1-27177A56E62C}"
EndProject
Project("{FAE04EC0-301F-11D3-BF4B-00C04F79EFBC}") = "Plugable.SQLProcedureProcessor", "Plugable.SQLProcedureProcessor\Plugable.SQLProcedureProcessor.csproj", "{492C1B97-2EB8-4265-B9C7-06BCBFBACE49}"
EndProject
Project("{FAE04EC0-301F-11D3-BF4B-00C04F79EFBC}") = "Core.Sys", "Core.Sys\Core.Sys.csproj", "{02E4AF30-0E59-4F60-B33B-62FEAC5E88E1}"
EndProject
Project("{FAE04EC0-301F-11D3-BF4B-00C04F79EFBC}") = "Modules.Sys", "Modules.Sys\Modules.Sys.csproj", "{B6FED197-6C03-4C63-B8DD-34EB927301A1}"
EndProject
Project("{FAE04EC0-301F-11D3-BF4B-00C04F79EFBC}") = "CenIT.Solution.TOC.WebApp", "CenIT.Solution.TOC.WebApp\CenIT.Solution.TOC.WebApp.csproj", "{0BBB9BE8-79D6-4A04-81DF-615AE831F88C}"
EndProject
Project("{2150E333-8FDC-42A3-9474-1A3956D46DE8}") = "Cores", "Cores", "{984C1F96-3B44-46C1-B7A9-53CF1627BE62}"
EndProject
Project("{2150E333-8FDC-42A3-9474-1A3956D46DE8}") = "Modules", "Modules", "{162D0E1F-E507-47BE-A82D-CEFD7683A559}"
EndProject
Project("{2150E333-8FDC-42A3-9474-1A3956D46DE8}") = "Plugables", "Plugables", "{CD0F726E-0A82-4533-87A2-7BFE45733B7E}"
EndProject
Project("{FAE04EC0-301F-11D3-BF4B-00C04F79EFBC}") = "Core.Cate", "Core.Cate\Core.Cate.csproj", "{72F9F77B-E45D-4EB6-8C6E-CC6E73EB643E}"
EndProject
Project("{FAE04EC0-301F-11D3-BF4B-00C04F79EFBC}") = "Modules.Cate", "Modules.Cate\Modules.Cate.csproj", "{C69BFABB-EE3B-4D42-8ED7-399A7E75FA73}"
EndProject
Project("{FAE04EC0-301F-11D3-BF4B-00C04F79EFBC}") = "Core.Log", "Core.Log\Core.Log.csproj", "{B076C353-AC12-4498-BB7D-A4259C7C4064}"
EndProject
Project("{FAE04EC0-301F-11D3-BF4B-00C04F79EFBC}") = "Modules.Dashboard", "Modules.Dashboard\Modules.Dashboard.csproj", "{F9BB9023-9D3C-4D19-B4C5-E2762F40808A}"
EndProject
Project("{FAE04EC0-301F-11D3-BF4B-00C04F79EFBC}") = "CenIT.SSOServices", "CenIT.SSOServices\CenIT.SSOServices.csproj", "{602703F4-DE27-4BF9-9DE8-2D6BF31C0BA7}"
EndProject
Project("{FAE04EC0-301F-11D3-BF4B-00C04F79EFBC}") = "Core.API", "Core.API\Core.API.csproj", "{C1D88C8F-BEF4-4C26-9C37-ACFDFC899B7E}"
EndProject
Project("{FAE04EC0-301F-11D3-BF4B-00C04F79EFBC}") = "Modules.API", "Modules.API\Modules.API.csproj", "{1966616F-C619-48FE-9FD6-7333E480C543}"
EndProject
Project("{FAE04EC0-301F-11D3-BF4B-00C04F79EFBC}") = "Libs.VNPTMoney.Payment", "Libs.VNPTMoney.Payment\Libs.VNPTMoney.Payment.csproj", "{A57C7EFA-22DE-44E1-9FE3-57D6CEB3B60A}"
EndProject
Project("{FAE04EC0-301F-11D3-BF4B-00C04F79EFBC}") = "CenIT.Libs.HDDT", "CenIT.Libs.HDDT\CenIT.Libs.HDDT.csproj", "{EC9CC7BF-CC18-4DDF-A8C3-9508F09DC8AE}"
EndProject
Project("{FAE04EC0-301F-11D3-BF4B-00C04F79EFBC}") = "CenIT.Lib.SMSBrandName", "CenIT.Lib.SMSBrandName\CenIT.Lib.SMSBrandName.csproj", "{940C1339-CC57-4B72-A71C-9AEEC646C374}"
EndProject
Project("{FAE04EC0-301F-11D3-BF4B-00C04F79EFBC}") = "Jobs.OpportunityPlanReminder", "Jobs.OpportunityPlanReminder\Jobs.OpportunityPlanReminder.csproj", "{6C4D6F1A-7F63-4C2C-83B1-11EAB59E4C24}"
EndProject
Project("{FAE04EC0-301F-11D3-BF4B-00C04F79EFBC}") = "Jobs.SyncData", "Jobs.SyncData\Jobs.SyncData.csproj", "{D4DF3186-0A47-461C-BB60-AA40A46AEC99}"
EndProject
Project("{FAE04EC0-301F-11D3-BF4B-00C04F79EFBC}") = "Jobs.AutoGenerateReviewBatch", "Jobs.AutoGenerateReviewBatch\Jobs.AutoGenerateReviewBatch.csproj", "{B09778DE-3A6A-4EF5-9D21-AA678ECF8FE8}"
EndProject
Project("{FAE04EC0-301F-11D3-BF4B-00C04F79EFBC}") = "Jobs.SendReminderEmail", "Jobs.SendReminderEmail\Jobs.SendReminderEmail.csproj", "{7EACB37C-F3A8-45FE-AA56-8ABEA933C289}"
EndProject
Global
	GlobalSection(SolutionConfigurationPlatforms) = preSolution
		Debug|Any CPU = Debug|Any CPU
		Release|Any CPU = Release|Any CPU
	EndGlobalSection
	GlobalSection(ProjectConfigurationPlatforms) = postSolution
		{C7BB973B-8277-4950-BFFD-C0BE12847D49}.Debug|Any CPU.ActiveCfg = Debug|Any CPU
		{C7BB973B-8277-4950-BFFD-C0BE12847D49}.Debug|Any CPU.Build.0 = Debug|Any CPU
		{C7BB973B-8277-4950-BFFD-C0BE12847D49}.Release|Any CPU.ActiveCfg = Release|Any CPU
		{C7BB973B-8277-4950-BFFD-C0BE12847D49}.Release|Any CPU.Build.0 = Release|Any CPU
		{41DBC699-37D9-4182-BFF1-27177A56E62C}.Debug|Any CPU.ActiveCfg = Debug|Any CPU
		{41DBC699-37D9-4182-BFF1-27177A56E62C}.Debug|Any CPU.Build.0 = Debug|Any CPU
		{41DBC699-37D9-4182-BFF1-27177A56E62C}.Release|Any CPU.ActiveCfg = Release|Any CPU
		{41DBC699-37D9-4182-BFF1-27177A56E62C}.Release|Any CPU.Build.0 = Release|Any CPU
		{492C1B97-2EB8-4265-B9C7-06BCBFBACE49}.Debug|Any CPU.ActiveCfg = Debug|Any CPU
		{492C1B97-2EB8-4265-B9C7-06BCBFBACE49}.Debug|Any CPU.Build.0 = Debug|Any CPU
		{492C1B97-2EB8-4265-B9C7-06BCBFBACE49}.Release|Any CPU.ActiveCfg = Release|Any CPU
		{492C1B97-2EB8-4265-B9C7-06BCBFBACE49}.Release|Any CPU.Build.0 = Release|Any CPU
		{02E4AF30-0E59-4F60-B33B-62FEAC5E88E1}.Debug|Any CPU.ActiveCfg = Debug|Any CPU
		{02E4AF30-0E59-4F60-B33B-62FEAC5E88E1}.Debug|Any CPU.Build.0 = Debug|Any CPU
		{02E4AF30-0E59-4F60-B33B-62FEAC5E88E1}.Release|Any CPU.ActiveCfg = Release|Any CPU
		{02E4AF30-0E59-4F60-B33B-62FEAC5E88E1}.Release|Any CPU.Build.0 = Release|Any CPU
		{B6FED197-6C03-4C63-B8DD-34EB927301A1}.Debug|Any CPU.ActiveCfg = Debug|Any CPU
		{B6FED197-6C03-4C63-B8DD-34EB927301A1}.Debug|Any CPU.Build.0 = Debug|Any CPU
		{B6FED197-6C03-4C63-B8DD-34EB927301A1}.Release|Any CPU.ActiveCfg = Release|Any CPU
		{B6FED197-6C03-4C63-B8DD-34EB927301A1}.Release|Any CPU.Build.0 = Release|Any CPU
		{0BBB9BE8-79D6-4A04-81DF-615AE831F88C}.Debug|Any CPU.ActiveCfg = Debug|Any CPU
		{0BBB9BE8-79D6-4A04-81DF-615AE831F88C}.Debug|Any CPU.Build.0 = Debug|Any CPU
		{0BBB9BE8-79D6-4A04-81DF-615AE831F88C}.Release|Any CPU.ActiveCfg = Release|Any CPU
		{0BBB9BE8-79D6-4A04-81DF-615AE831F88C}.Release|Any CPU.Build.0 = Release|Any CPU
		{72F9F77B-E45D-4EB6-8C6E-CC6E73EB643E}.Debug|Any CPU.ActiveCfg = Debug|Any CPU
		{72F9F77B-E45D-4EB6-8C6E-CC6E73EB643E}.Debug|Any CPU.Build.0 = Debug|Any CPU
		{72F9F77B-E45D-4EB6-8C6E-CC6E73EB643E}.Release|Any CPU.ActiveCfg = Release|Any CPU
		{72F9F77B-E45D-4EB6-8C6E-CC6E73EB643E}.Release|Any CPU.Build.0 = Release|Any CPU
		{C69BFABB-EE3B-4D42-8ED7-399A7E75FA73}.Debug|Any CPU.ActiveCfg = Debug|Any CPU
		{C69BFABB-EE3B-4D42-8ED7-399A7E75FA73}.Debug|Any CPU.Build.0 = Debug|Any CPU
		{C69BFABB-EE3B-4D42-8ED7-399A7E75FA73}.Release|Any CPU.ActiveCfg = Release|Any CPU
		{C69BFABB-EE3B-4D42-8ED7-399A7E75FA73}.Release|Any CPU.Build.0 = Release|Any CPU
		{B076C353-AC12-4498-BB7D-A4259C7C4064}.Debug|Any CPU.ActiveCfg = Debug|Any CPU
		{B076C353-AC12-4498-BB7D-A4259C7C4064}.Debug|Any CPU.Build.0 = Debug|Any CPU
		{B076C353-AC12-4498-BB7D-A4259C7C4064}.Release|Any CPU.ActiveCfg = Release|Any CPU
		{B076C353-AC12-4498-BB7D-A4259C7C4064}.Release|Any CPU.Build.0 = Release|Any CPU
		{F9BB9023-9D3C-4D19-B4C5-E2762F40808A}.Debug|Any CPU.ActiveCfg = Debug|Any CPU
		{F9BB9023-9D3C-4D19-B4C5-E2762F40808A}.Debug|Any CPU.Build.0 = Debug|Any CPU
		{F9BB9023-9D3C-4D19-B4C5-E2762F40808A}.Release|Any CPU.ActiveCfg = Release|Any CPU
		{F9BB9023-9D3C-4D19-B4C5-E2762F40808A}.Release|Any CPU.Build.0 = Release|Any CPU
		{602703F4-DE27-4BF9-9DE8-2D6BF31C0BA7}.Debug|Any CPU.ActiveCfg = Debug|Any CPU
		{602703F4-DE27-4BF9-9DE8-2D6BF31C0BA7}.Debug|Any CPU.Build.0 = Debug|Any CPU
		{602703F4-DE27-4BF9-9DE8-2D6BF31C0BA7}.Release|Any CPU.ActiveCfg = Release|Any CPU
		{602703F4-DE27-4BF9-9DE8-2D6BF31C0BA7}.Release|Any CPU.Build.0 = Release|Any CPU
		{C1D88C8F-BEF4-4C26-9C37-ACFDFC899B7E}.Debug|Any CPU.ActiveCfg = Debug|Any CPU
		{C1D88C8F-BEF4-4C26-9C37-ACFDFC899B7E}.Debug|Any CPU.Build.0 = Debug|Any CPU
		{C1D88C8F-BEF4-4C26-9C37-ACFDFC899B7E}.Release|Any CPU.ActiveCfg = Release|Any CPU
		{C1D88C8F-BEF4-4C26-9C37-ACFDFC899B7E}.Release|Any CPU.Build.0 = Release|Any CPU
		{1966616F-C619-48FE-9FD6-7333E480C543}.Debug|Any CPU.ActiveCfg = Debug|Any CPU
		{1966616F-C619-48FE-9FD6-7333E480C543}.Debug|Any CPU.Build.0 = Debug|Any CPU
		{1966616F-C619-48FE-9FD6-7333E480C543}.Release|Any CPU.ActiveCfg = Release|Any CPU
		{1966616F-C619-48FE-9FD6-7333E480C543}.Release|Any CPU.Build.0 = Release|Any CPU
		{A57C7EFA-22DE-44E1-9FE3-57D6CEB3B60A}.Debug|Any CPU.ActiveCfg = Debug|Any CPU
		{A57C7EFA-22DE-44E1-9FE3-57D6CEB3B60A}.Debug|Any CPU.Build.0 = Debug|Any CPU
		{A57C7EFA-22DE-44E1-9FE3-57D6CEB3B60A}.Release|Any CPU.ActiveCfg = Release|Any CPU
		{A57C7EFA-22DE-44E1-9FE3-57D6CEB3B60A}.Release|Any CPU.Build.0 = Release|Any CPU
		{EC9CC7BF-CC18-4DDF-A8C3-9508F09DC8AE}.Debug|Any CPU.ActiveCfg = Debug|Any CPU
		{EC9CC7BF-CC18-4DDF-A8C3-9508F09DC8AE}.Debug|Any CPU.Build.0 = Debug|Any CPU
		{EC9CC7BF-CC18-4DDF-A8C3-9508F09DC8AE}.Release|Any CPU.ActiveCfg = Release|Any CPU
		{EC9CC7BF-CC18-4DDF-A8C3-9508F09DC8AE}.Release|Any CPU.Build.0 = Release|Any CPU
		{940C1339-CC57-4B72-A71C-9AEEC646C374}.Debug|Any CPU.ActiveCfg = Debug|Any CPU
		{940C1339-CC57-4B72-A71C-9AEEC646C374}.Debug|Any CPU.Build.0 = Debug|Any CPU
		{940C1339-CC57-4B72-A71C-9AEEC646C374}.Release|Any CPU.ActiveCfg = Release|Any CPU
		{940C1339-CC57-4B72-A71C-9AEEC646C374}.Release|Any CPU.Build.0 = Release|Any CPU
		{6C4D6F1A-7F63-4C2C-83B1-11EAB59E4C24}.Debug|Any CPU.ActiveCfg = Debug|Any CPU
		{6C4D6F1A-7F63-4C2C-83B1-11EAB59E4C24}.Debug|Any CPU.Build.0 = Debug|Any CPU
		{6C4D6F1A-7F63-4C2C-83B1-11EAB59E4C24}.Release|Any CPU.ActiveCfg = Release|Any CPU
		{6C4D6F1A-7F63-4C2C-83B1-11EAB59E4C24}.Release|Any CPU.Build.0 = Release|Any CPU
		{D4DF3186-0A47-461C-BB60-AA40A46AEC99}.Debug|Any CPU.ActiveCfg = Debug|Any CPU
		{D4DF3186-0A47-461C-BB60-AA40A46AEC99}.Debug|Any CPU.Build.0 = Debug|Any CPU
		{D4DF3186-0A47-461C-BB60-AA40A46AEC99}.Release|Any CPU.ActiveCfg = Release|Any CPU
		{D4DF3186-0A47-461C-BB60-AA40A46AEC99}.Release|Any CPU.Build.0 = Release|Any CPU
		{B09778DE-3A6A-4EF5-9D21-AA678ECF8FE8}.Debug|Any CPU.ActiveCfg = Debug|Any CPU
		{B09778DE-3A6A-4EF5-9D21-AA678ECF8FE8}.Debug|Any CPU.Build.0 = Debug|Any CPU
		{B09778DE-3A6A-4EF5-9D21-AA678ECF8FE8}.Release|Any CPU.ActiveCfg = Release|Any CPU
		{B09778DE-3A6A-4EF5-9D21-AA678ECF8FE8}.Release|Any CPU.Build.0 = Release|Any CPU
		{7EACB37C-F3A8-45FE-AA56-8ABEA933C289}.Debug|Any CPU.ActiveCfg = Debug|Any CPU
		{7EACB37C-F3A8-45FE-AA56-8ABEA933C289}.Debug|Any CPU.Build.0 = Debug|Any CPU
		{7EACB37C-F3A8-45FE-AA56-8ABEA933C289}.Release|Any CPU.ActiveCfg = Release|Any CPU
		{7EACB37C-F3A8-45FE-AA56-8ABEA933C289}.Release|Any CPU.Build.0 = Release|Any CPU
	EndGlobalSection
	GlobalSection(SolutionProperties) = preSolution
		HideSolutionNode = FALSE
	EndGlobalSection
	GlobalSection(NestedProjects) = preSolution
		{41DBC699-37D9-4182-BFF1-27177A56E62C} = {CD0F726E-0A82-4533-87A2-7BFE45733B7E}
		{492C1B97-2EB8-4265-B9C7-06BCBFBACE49} = {CD0F726E-0A82-4533-87A2-7BFE45733B7E}
		{02E4AF30-0E59-4F60-B33B-62FEAC5E88E1} = {984C1F96-3B44-46C1-B7A9-53CF1627BE62}
		{B6FED197-6C03-4C63-B8DD-34EB927301A1} = {162D0E1F-E507-47BE-A82D-CEFD7683A559}
		{72F9F77B-E45D-4EB6-8C6E-CC6E73EB643E} = {984C1F96-3B44-46C1-B7A9-53CF1627BE62}
		{C69BFABB-EE3B-4D42-8ED7-399A7E75FA73} = {162D0E1F-E507-47BE-A82D-CEFD7683A559}
		{B076C353-AC12-4498-BB7D-A4259C7C4064} = {984C1F96-3B44-46C1-B7A9-53CF1627BE62}
		{F9BB9023-9D3C-4D19-B4C5-E2762F40808A} = {162D0E1F-E507-47BE-A82D-CEFD7683A559}
		{C1D88C8F-BEF4-4C26-9C37-ACFDFC899B7E} = {984C1F96-3B44-46C1-B7A9-53CF1627BE62}
		{1966616F-C619-48FE-9FD6-7333E480C543} = {162D0E1F-E507-47BE-A82D-CEFD7683A559}
	EndGlobalSection
	GlobalSection(ExtensibilityGlobals) = postSolution
		SolutionGuid = {0BC7C92F-6B16-4D46-A904-50688CF8CECB}
	EndGlobalSection
EndGlobal
